// !$*UTF8*$!
{
	archiveVersion = 1;
	classes = {
	};
	objectVersion = 46;
	objects = {

/* Begin PBXBuildFile section */
		431A46351E2D7AA400F9C303 /* AppDelegate.swift in Sources */ = {isa = PBXBuildFile; fileRef = 431A46341E2D7AA400F9C303 /* AppDelegate.swift */; };
		431A46371E2D7AA400F9C303 /* ViewController.swift in Sources */ = {isa = PBXBuildFile; fileRef = 431A46361E2D7AA400F9C303 /* ViewController.swift */; };
		431A463A1E2D7AA400F9C303 /* Main.storyboard in Resources */ = {isa = PBXBuildFile; fileRef = 431A46381E2D7AA400F9C303 /* Main.storyboard */; };
		431A463C1E2D7AA400F9C303 /* Assets.xcassets in Resources */ = {isa = PBXBuildFile; fileRef = 431A463B1E2D7AA400F9C303 /* Assets.xcassets */; };
		431A463F1E2D7AA400F9C303 /* LaunchScreen.storyboard in Resources */ = {isa = PBXBuildFile; fileRef = 431A463D1E2D7AA400F9C303 /* LaunchScreen.storyboard */; };
		431A464A1E2D7B3400F9C303 /* IMG_1.JPG in Resources */ = {isa = PBXBuildFile; fileRef = 431A46461E2D7B3400F9C303 /* IMG_1.JPG */; };
		431A464B1E2D7B3400F9C303 /* IMG_2.JPG in Resources */ = {isa = PBXBuildFile; fileRef = 431A46471E2D7B3400F9C303 /* IMG_2.JPG */; };
		431A464C1E2D7B3400F9C303 /* IMG_3.JPG in Resources */ = {isa = PBXBuildFile; fileRef = 431A46481E2D7B3400F9C303 /* IMG_3.JPG */; };
		431A464D1E2D7B3400F9C303 /* IMG_4.JPG in Resources */ = {isa = PBXBuildFile; fileRef = 431A46491E2D7B3400F9C303 /* IMG_4.JPG */; };
/* End PBXBuildFile section */

/* Begin PBXFileReference section */
		431A46311E2D7AA400F9C303 /* Aula_001_VisualizadorDeImagens.app */ = {isa = PBXFileReference; explicitFileType = wrapper.application; includeInIndex = 0; path = Aula_001_VisualizadorDeImagens.app; sourceTree = BUILT_PRODUCTS_DIR; };
		431A46341E2D7AA400F9C303 /* AppDelegate.swift */ = {isa = PBXFileReference; lastKnownFileType = sourcecode.swift; path = AppDelegate.swift; sourceTree = "<group>"; };
		431A46361E2D7AA400F9C303 /* ViewController.swift */ = {isa = PBXFileReference; lastKnownFileType = sourcecode.swift; path = ViewController.swift; sourceTree = "<group>"; };
		431A46391E2D7AA400F9C303 /* Base */ = {isa = PBXFileReference; lastKnownFileType = file.storyboard; name = Base; path = Base.lproj/Main.storyboard; sourceTree = "<group>"; };
		431A463B1E2D7AA400F9C303 /* Assets.xcassets */ = {isa = PBXFileReference; lastKnownFileType = folder.assetcatalog; path = Assets.xcassets; sourceTree = "<group>"; };
		431A463E1E2D7AA400F9C303 /* Base */ = {isa = PBXFileReference; lastKnownFileType = file.storyboard; name = Base; path = Base.lproj/LaunchScreen.storyboard; sourceTree = "<group>"; };
		431A46401E2D7AA400F9C303 /* Info.plist */ = {isa = PBXFileReference; lastKnownFileType = text.plist.xml; path = Info.plist; sourceTree = "<group>"; };
		431A46461E2D7B3400F9C303 /* IMG_1.JPG */ = {isa = PBXFileReference; lastKnownFileType = image.jpeg; path = IMG_1.JPG; sourceTree = "<group>"; };
		431A46471E2D7B3400F9C303 /* IMG_2.JPG */ = {isa = PBXFileReference; lastKnownFileType = image.jpeg; path = IMG_2.JPG; sourceTree = "<group>"; };
		431A46481E2D7B3400F9C303 /* IMG_3.JPG */ = {isa = PBXFileReference; lastKnownFileType = image.jpeg; path = IMG_3.JPG; sourceTree = "<group>"; };
		431A46491E2D7B3400F9C303 /* IMG_4.JPG */ = {isa = PBXFileReference; lastKnownFileType = image.jpeg; path = IMG_4.JPG; sourceTree = "<group>"; };
/* End PBXFileReference section */

/* Begin PBXFrameworksBuildPhase section */
		431A462E1E2D7AA400F9C303 /* Frameworks */ = {
			isa = PBXFrameworksBuildPhase;
			buildActionMask = 2147483647;
			files = (
			);
			runOnlyForDeploymentPostprocessing = 0;
		};
/* End PBXFrameworksBuildPhase section */

/* Begin PBXGroup section */
		431A46281E2D7AA400F9C303 = {
			isa = PBXGroup;
			children = (
				431A46331E2D7AA400F9C303 /* Aula_001_VisualizadorDeImagens */,
				431A46321E2D7AA400F9C303 /* Products */,
			);
			sourceTree = "<group>";
		};
		431A46321E2D7AA400F9C303 /* Products */ = {
			isa = PBXGroup;
			children = (
				431A46311E2D7AA400F9C303 /* Aula_001_VisualizadorDeImagens.app */,
			);
			name = Products;
			sourceTree = "<group>";
		};
		431A46331E2D7AA400F9C303 /* Aula_001_VisualizadorDeImagens */ = {
			isa = PBXGroup;
			children = (
				431A46461E2D7B3400F9C303 /* IMG_1.JPG */,
				431A46471E2D7B3400F9C303 /* IMG_2.JPG */,
				431A46481E2D7B3400F9C303 /* IMG_3.JPG */,
				431A46491E2D7B3400F9C303 /* IMG_4.JPG */,
				431A46341E2D7AA400F9C303 /* AppDelegate.swift */,
				431A46361E2D7AA400F9C303 /* ViewController.swift */,
				431A46381E2D7AA400F9C303 /* Main.storyboard */,
				431A463B1E2D7AA400F9C303 /* Assets.xcassets */,
				431A463D1E2D7AA400F9C303 /* LaunchScreen.storyboard */,
				431A46401E2D7AA400F9C303 /* Info.plist */,
			);
			path = Aula_001_VisualizadorDeImagens;
			sourceTree = "<group>";
		};
/* End PBXGroup section */

/* Begin PBXNativeTarget section */
		431A46301E2D7AA400F9C303 /* Aula_001_VisualizadorDeImagens */ = {
			isa = PBXNativeTarget;
			buildConfigurationList = 431A46431E2D7AA400F9C303 /* Build configuration list for PBXNativeTarget "Aula_001_VisualizadorDeImagens" */;
			buildPhases = (
				431A462D1E2D7AA400F9C303 /* Sources */,
				431A462E1E2D7AA400F9C303 /* Frameworks */,
				431A462F1E2D7AA400F9C303 /* Resources */,
			);
			buildRules = (
			);
			dependencies = (
			);
			name = Aula_001_VisualizadorDeImagens;
			productName = Aula_001_VisualizadorDeImagens;
			productReference = 431A46311E2D7AA400F9C303 /* Aula_001_VisualizadorDeImagens.app */;
			productType = "com.apple.product-type.application";
		};
/* End PBXNativeTarget section */

/* Begin PBXProject section */
		431A46291E2D7AA400F9C303 /* Project object */ = {
			isa = PBXProject;
			attributes = {
				LastSwiftUpdateCheck = 0800;
				LastUpgradeCheck = 0800;
				TargetAttributes = {
					431A46301E2D7AA400F9C303 = {
						CreatedOnToolsVersion = 8.0;
						ProvisioningStyle = Automatic;
					};
				};
			};
			buildConfigurationList = 431A462C1E2D7AA400F9C303 /* Build configuration list for PBXProject "Aula_001_VisualizadorDeImagens" */;
			compatibilityVersion = "Xcode 3.2";
			developmentRegion = English;
			hasScannedForEncodings = 0;
			knownRegions = (
				en,
				Base,
			);
			mainGroup = 431A46281E2D7AA400F9C303;
			productRefGroup = 431A46321E2D7AA400F9C303 /* Products */;
			projectDirPath = "";
			projectRoot = "";
			targets = (
				431A46301E2D7AA400F9C303 /* Aula_001_VisualizadorDeImagens */,
			);
		};
/* End PBXProject section */

/* Begin PBXResourcesBuildPhase section */
		431A462F1E2D7AA400F9C303 /* Resources */ = {
			isa = PBXResourcesBuildPhase;
			buildActionMask = 2147483647;
			files = (
				431A463F1E2D7AA400F9C303 /* LaunchScreen.storyboard in Resources */,
				431A464C1E2D7B3400F9C303 /* IMG_3.JPG in Resources */,
				431A464A1E2D7B3400F9C303 /* IMG_1.JPG in Resources */,
				431A464B1E2D7B3400F9C303 /* IMG_2.JPG in Resources */,
				431A463C1E2D7AA400F9C303 /* Assets.xcassets in Resources */,
				431A463A1E2D7AA400F9C303 /* Main.storyboard in Resources */,
				431A464D1E2D7B3400F9C303 /* IMG_4.JPG in Resources */,
			);
			runOnlyForDeploymentPostprocessing = 0;
		};
/* End PBXResourcesBuildPhase section */

/* Begin PBXSourcesBuildPhase section */
		431A462D1E2D7AA400F9C303 /* Sources */ = {
			isa = PBXSourcesBuildPhase;
			buildActionMask = 2147483647;
			files = (
				431A46371E2D7AA400F9C303 /* ViewController.swift in Sources */,
				431A46351E2D7AA400F9C303 /* AppDelegate.swift in Sources */,
			);
			runOnlyForDeploymentPostprocessing = 0;
		};
/* End PBXSourcesBuildPhase section */

/* Begin PBXVariantGroup section */
		431A46381E2D7AA400F9C303 /* Main.storyboard */ = {
			isa = PBXVariantGroup;
			children = (
				431A46391E2D7AA400F9C303 /* Base */,
			);
			name = Main.storyboard;
			sourceTree = "<group>";
		};
		431A463D1E2D7AA400F9C303 /* LaunchScreen.storyboard */ = {
			isa = PBXVariantGroup;
			children = (
				431A463E1E2D7AA400F9C303 /* Base */,
			);
			name = LaunchScreen.storyboard;
			sourceTree = "<group>";
		};
/* End PBXVariantGroup section */

/* Begin XCBuildConfiguration section */
		431A46411E2D7AA400F9C303 /* Debug */ = {
			isa = XCBuildConfiguration;
			buildSettings = {
				ALWAYS_SEARCH_USER_PATHS = NO;
				CLANG_ANALYZER_NONNULL = YES;
				CLANG_CXX_LANGUAGE_STANDARD = "gnu++0x";
				CLANG_CXX_LIBRARY = "libc++";
				CLANG_ENABLE_MODULES = YES;
				CLANG_ENABLE_OBJC_ARC = YES;
				CLANG_WARN_BOOL_CONVERSION = YES;
				CLANG_WARN_CONSTANT_CONVERSION = YES;
				CLANG_WARN_DIRECT_OBJC_ISA_USAGE = YES_ERROR;
				CLANG_WARN_DOCUMENTATION_COMMENTS = YES;
				CLANG_WARN_EMPTY_BODY = YES;
				CLANG_WARN_ENUM_CONVERSION = YES;
				CLANG_WARN_INFINITE_RECURSION = YES;
				CLANG_WARN_INT_CONVERSION = YES;
				CLANG_WARN_OBJC_ROOT_CLASS = YES_ERROR;
				CLANG_WARN_SUSPICIOUS_MOVES = YES;
				CLANG_WARN_UNREACHABLE_CODE = YES;
				CLANG_WARN__DUPLICATE_METHOD_MATCH = YES;
				"CODE_SIGN_IDENTITY[sdk=iphoneos*]" = "iPhone Developer";
				COPY_PHASE_STRIP = NO;
				DEBUG_INFORMATION_FORMAT = dwarf;
				ENABLE_STRICT_OBJC_MSGSEND = YES;
				ENABLE_TESTABILITY = YES;
				GCC_C_LANGUAGE_STANDARD = gnu99;
				GCC_DYNAMIC_NO_PIC = NO;
				GCC_NO_COMMON_BLOCKS = YES;
				GCC_OPTIMIZATION_LEVEL = 0;
				GCC_PREPROCESSOR_DEFINITIONS = (
					"DEBUG=1",
					"$(inherited)",
				);
				GCC_WARN_64_TO_32_BIT_CONVERSION = YES;
				GCC_WARN_ABOUT_RETURN_TYPE = YES_ERROR;
				GCC_WARN_UNDECLARED_SELECTOR = YES;
				GCC_WARN_UNINITIALIZED_AUTOS = YES_AGGRESSIVE;
				GCC_WARN_UNUSED_FUNCTION = YES;
				GCC_WARN_UNUSED_VARIABLE = YES;
				IPHONEOS_DEPLOYMENT_TARGET = 10.0;
				MTL_ENABLE_DEBUG_INFO = YES;
				ONLY_ACTIVE_ARCH = YES;
				SDKROOT = iphoneos;
				SWIFT_ACTIVE_COMPILATION_CONDITIONS = DEBUG;
				SWIFT_OPTIMIZATION_LEVEL = "-Onone";
			};
			name = Debug;
		};
		431A46421E2D7AA400F9C303 /* Release */ = {
			isa = XCBuildConfiguration;
			buildSettings = {
				ALWAYS_SEARCH_USER_PATHS = NO;
				CLANG_ANALYZER_NONNULL = YES;
				CLANG_CXX_LANGUAGE_STANDARD = "gnu++0x";
				CLANG_CXX_LIBRARY = "libc++";
				CLANG_ENABLE_MODULES = YES;
				CLANG_ENABLE_OBJC_ARC = YES;
				CLANG_WARN_BOOL_CONVERSION = YES;
				CLANG_WARN_CONSTANT_CONVERSION = YES;
				CLANG_WARN_DIRECT_OBJC_ISA_USAGE = YES_ERROR;
				CLANG_WARN_DOCUMENTATION_COMMENTS = YES;
				CLANG_WARN_EMPTY_BODY = YES;
				CLANG_WARN_ENUM_CONVERSION = YES;
				CLANG_WARN_INFINITE_RECURSION = YES;
				CLANG_WARN_INT_CONVERSION = YES;
				CLANG_WARN_OBJC_ROOT_CLASS = YES_ERROR;
				CLANG_WARN_SUSPICIOUS_MOVES = YES;
				CLANG_WARN_UNREACHABLE_CODE = YES;
				CLANG_WARN__DUPLICATE_METHOD_MATCH = YES;
				"CODE_SIGN_IDENTITY[sdk=iphoneos*]" = "iPhone Developer";
				COPY_PHASE_STRIP = NO;
				DEBUG_INFORMATION_FORMAT = "dwarf-with-dsym";
				ENABLE_NS_ASSERTIONS = NO;
				ENABLE_STRICT_OBJC_MSGSEND = YES;
				GCC_C_LANGUAGE_STANDARD = gnu99;
				GCC_NO_COMMON_BLOCKS = YES;
				GCC_WARN_64_TO_32_BIT_CONVERSION = YES;
				GCC_WARN_ABOUT_RETURN_TYPE = YES_ERROR;
				GCC_WARN_UNDECLARED_SELECTOR = YES;
				GCC_WARN_UNINITIALIZED_AUTOS = YES_AGGRESSIVE;
				GCC_WARN_UNUSED_FUNCTION = YES;
				GCC_WARN_UNUSED_VARIABLE = YES;
				IPHONEOS_DEPLOYMENT_TARGET = 10.0;
				MTL_ENABLE_DEBUG_INFO = NO;
				SDKROOT = iphoneos;
				SWIFT_OPTIMIZATION_LEVEL = "-Owholemodule";
				VALIDATE_PRODUCT = YES;
			};
			name = Release;
		};
		431A46441E2D7AA400F9C303 /* Debug */ = {
			isa = XCBuildConfiguration;
			buildSettings = {
				ASSETCATALOG_COMPILER_APPICON_NAME = AppIcon;
				INFOPLIST_FILE = Aula_001_VisualizadorDeImagens/Info.plist;
				LD_RUNPATH_SEARCH_PATHS = "$(inherited) @executable_path/Frameworks";
				PRODUCT_BUNDLE_IDENTIFIER = "br.quaddro.com.Aula-001-VisualizadorDeImagens";
				PRODUCT_NAME = "$(TARGET_NAME)";
				SWIFT_VERSION = 3.0;
			};
			name = Debug;
		};
		431A46451E2D7AA400F9C303 /* Release */ = {
			isa = XCBuildConfiguration;
			buildSettings = {
				ASSETCATALOG_COMPILER_APPICON_NAME = AppIcon;
				INFOPLIST_FILE = Aula_001_VisualizadorDeImagens/Info.plist;
				LD_RUNPATH_SEARCH_PATHS = "$(inherited) @executable_path/Frameworks";
				PRODUCT_BUNDLE_IDENTIFIER = "br.quaddro.com.Aula-001-VisualizadorDeImagens";
				PRODUCT_NAME = "$(TARGET_NAME)";
				SWIFT_VERSION = 3.0;
			};
			name = Release;
		};
/* End XCBuildConfiguration section */

/* Begin XCConfigurationList section */
		431A462C1E2D7AA400F9C303 /* Build configuration list for PBXProject "Aula_001_VisualizadorDeImagens" */ = {
			isa = XCConfigurationList;
			buildConfigurations = (
				431A46411E2D7AA400F9C303 /* Debug */,
				431A46421E2D7AA400F9C303 /* Release */,
			);
			defaultConfigurationIsVisible = 0;
			defaultConfigurationName = Release;
		};
		431A46431E2D7AA400F9C303 /* Build configuration list for PBXNativeTarget "Aula_001_VisualizadorDeImagens" */ = {
			isa = XCConfigurationList;
			buildConfigurations = (
				431A46441E2D7AA400F9C303 /* Debug */,
				431A46451E2D7AA400F9C303 /* Release */,
			);
			defaultConfigurationIsVisible = 0;
		};
/* End XCConfigurationList section */
	};
	rootObject = 431A46291E2D7AA400F9C303 /* Project object */;
}
